
Microsoft Visual Studio Solution File, Format Version 12.00
# Visual Studio 14
VisualStudioVersion = 14.0.25420.1
MinimumVisualStudioVersion = 10.0.40219.1
Project("{FAE04EC0-301F-11D3-BF4B-00C04F79EFBC}") = "DAL", "DAL\DAL.csproj", "{651B4478-C5A0-4D36-BDEE-C11685825475}"
EndProject
Project("{FAE04EC0-301F-11D3-BF4B-00C04F79EFBC}") = "BLL", "BLL\BLL.csproj", "{C14CBE34-3E1C-4288-A6C3-7A416573A47C}"
EndProject
Project("{FAE04EC0-301F-11D3-BF4B-00C04F79EFBC}") = "SL", "SL\SL.csproj", "{F1E7D6CA-6878-4E9A-A4E3-E44A7038C8AD}"
EndProject
Project("{FAE04EC0-301F-11D3-BF4B-00C04F79EFBC}") = "PL", "PL\PL.csproj", "{F9923562-EF28-415B-B80D-E39B291EDE5F}"
EndProject
Global
	GlobalSection(SolutionConfigurationPlatforms) = preSolution
		Debug|Any CPU = Debug|Any CPU
		Release|Any CPU = Release|Any CPU
	EndGlobalSection
	GlobalSection(ProjectConfigurationPlatforms) = postSolution
		{651B4478-C5A0-4D36-BDEE-C11685825475}.Debug|Any CPU.ActiveCfg = Debug|Any CPU
		{651B4478-C5A0-4D36-BDEE-C11685825475}.Debug|Any CPU.Build.0 = Debug|Any CPU
		{651B4478-C5A0-4D36-BDEE-C11685825475}.Release|Any CPU.ActiveCfg = Release|Any CPU
		{651B4478-C5A0-4D36-BDEE-C11685825475}.Release|Any CPU.Build.0 = Release|Any CPU
		{C14CBE34-3E1C-4288-A6C3-7A416573A47C}.Debug|Any CPU.ActiveCfg = Debug|Any CPU
		{C14CBE34-3E1C-4288-A6C3-7A416573A47C}.Debug|Any CPU.Build.0 = Debug|Any CPU
		{C14CBE34-3E1C-4288-A6C3-7A416573A47C}.Release|Any CPU.ActiveCfg = Release|Any CPU
		{C14CBE34-3E1C-4288-A6C3-7A416573A47C}.Release|Any CPU.Build.0 = Release|Any CPU
		{F1E7D6CA-6878-4E9A-A4E3-E44A7038C8AD}.Debug|Any CPU.ActiveCfg = Debug|Any CPU
		{F1E7D6CA-6878-4E9A-A4E3-E44A7038C8AD}.Debug|Any CPU.Build.0 = Debug|Any CPU
		{F1E7D6CA-6878-4E9A-A4E3-E44A7038C8AD}.Release|Any CPU.ActiveCfg = Release|Any CPU
		{F1E7D6CA-6878-4E9A-A4E3-E44A7038C8AD}.Release|Any CPU.Build.0 = Release|Any CPU
		{F9923562-EF28-415B-B80D-E39B291EDE5F}.Debug|Any CPU.ActiveCfg = Debug|Any CPU
		{F9923562-EF28-415B-B80D-E39B291EDE5F}.Debug|Any CPU.Build.0 = Debug|Any CPU
		{F9923562-EF28-415B-B80D-E39B291EDE5F}.Release|Any CPU.ActiveCfg = Release|Any CPU
		{F9923562-EF28-415B-B80D-E39B291EDE5F}.Release|Any CPU.Build.0 = Release|Any CPU
	EndGlobalSection
	GlobalSection(SolutionProperties) = preSolution
		HideSolutionNode = FALSE
	EndGlobalSection
EndGlobal
